
Microsoft Visual Studio Solution File, Format Version 12.00
# Visual Studio 15
VisualStudioVersion = 15.0.27703.2026
MinimumVisualStudioVersion = 10.0.40219.1
Project("{FAE04EC0-301F-11D3-BF4B-00C04F79EFBC}") = "Lab2", "Lab2\Lab2.csproj", "{B28D5B12-4583-44B4-9714-62885D677943}"
EndProject
Global
	GlobalSection(SolutionConfigurationPlatforms) = preSolution
		Debug|Any CPU = Debug|Any CPU
		Release|Any CPU = Release|Any CPU
	EndGlobalSection
	GlobalSection(ProjectConfigurationPlatforms) = postSolution
		{B28D5B12-4583-44B4-9714-62885D677943}.Debug|Any CPU.ActiveCfg = Debug|Any CPU
		{B28D5B12-4583-44B4-9714-62885D677943}.Debug|Any CPU.Build.0 = Debug|Any CPU
		{B28D5B12-4583-44B4-9714-62885D677943}.Release|Any CPU.ActiveCfg = Release|Any CPU
		{B28D5B12-4583-44B4-9714-62885D677943}.Release|Any CPU.Build.0 = Release|Any CPU
	EndGlobalSection
	GlobalSection(SolutionProperties) = preSolution
		HideSolutionNode = FALSE
	EndGlobalSection
	GlobalSection(ExtensibilityGlobals) = postSolution
		SolutionGuid = {CE94C82B-ABA5-4809-A244-69E2128A4A52}
	EndGlobalSection
EndGlobal
